// !$*UTF8*$!
{
	archiveVersion = 1;
	classes = {
	};
	objectVersion = 51;
	objects = {

/* Begin PBXBuildFile section */
		03329A709F0DA60180F91DBB /* Pods_CyberSwift.framework in Frameworks */ = {isa = PBXBuildFile; fileRef = F6ED672114DF191DC66860EA /* Pods_CyberSwift.framework */; };
		3B1E901622CDEC6A00D7A0C1 /* RAM+Authorization.swift in Sources */ = {isa = PBXBuildFile; fileRef = 3B1E901522CDEC6A00D7A0C1 /* RAM+Authorization.swift */; };
		3B1E901822CDF16B00D7A0C1 /* iCloudManager.swift in Sources */ = {isa = PBXBuildFile; fileRef = 3B1E901722CDF16B00D7A0C1 /* iCloudManager.swift */; };
		3B3016B722F1E4D3003CD1BD /* RequestAPITransaction.swift in Sources */ = {isa = PBXBuildFile; fileRef = 3B3016B622F1E4D3003CD1BD /* RequestAPITransaction.swift */; };
		3B3016B922F1FDAA003CD1BD /* ReachabilityManager.swift in Sources */ = {isa = PBXBuildFile; fileRef = 3B3016B822F1FDAA003CD1BD /* ReachabilityManager.swift */; };
		3B5D91C622CE14E100BB7DCC /* MethodAPIType.swift in Sources */ = {isa = PBXBuildFile; fileRef = 3B5D91C522CE14E100BB7DCC /* MethodAPIType.swift */; };
		3B5EDE3F22E0F10900897BF3 /* RAM+Notifications.swift in Sources */ = {isa = PBXBuildFile; fileRef = 3B5EDE3E22E0F10900897BF3 /* RAM+Notifications.swift */; };
		3B61AC3222E1C5CD00F608AF /* ResponseAPIGetOptionsNotifyShow+Extensions.swift in Sources */ = {isa = PBXBuildFile; fileRef = 3B61AC3122E1C5CD00F608AF /* ResponseAPIGetOptionsNotifyShow+Extensions.swift */; };
		3BB342B622CB7591009546B2 /* CurrentUser.swift in Sources */ = {isa = PBXBuildFile; fileRef = 3BB342B522CB7591009546B2 /* CurrentUser.swift */; };
		3BBBE2982295AAE90029C9C9 /* RAM+Blockchain.swift in Sources */ = {isa = PBXBuildFile; fileRef = 3BBBE2972295AAE90029C9C9 /* RAM+Blockchain.swift */; };
		3BBBE29A2296A8A10029C9C9 /* RxSwift.swift in Sources */ = {isa = PBXBuildFile; fileRef = 3BBBE2992296A8A10029C9C9 /* RxSwift.swift */; };
		3BCDB40B2260E9C300739F7E /* Bool+Extensions.swift in Sources */ = {isa = PBXBuildFile; fileRef = 3BCDB40A2260E9C300739F7E /* Bool+Extensions.swift */; };
		3BD1331422F850770006C70F /* GenerateKeysTests.swift in Sources */ = {isa = PBXBuildFile; fileRef = 3BD1331322F850770006C70F /* GenerateKeysTests.swift */; };
		3BD1331622F850770006C70F /* CyberSwift.framework in Frameworks */ = {isa = PBXBuildFile; fileRef = B18EBB2D223F8F8800F52D3C /* CyberSwift.framework */; };
		3BDF4FAA22C229440029D616 /* BCResponseAPIError.swift in Sources */ = {isa = PBXBuildFile; fileRef = 3BDF4FA922C229440029D616 /* BCResponseAPIError.swift */; };
		3BE08B9722E6609D00BE6FCB /* SocketManager+Rx.swift in Sources */ = {isa = PBXBuildFile; fileRef = 3BE08B9622E6609D00BE6FCB /* SocketManager+Rx.swift */; };
		3BE3666722E5CE7C00F84A04 /* SocketManager.swift in Sources */ = {isa = PBXBuildFile; fileRef = 3BE3666622E5CE7C00F84A04 /* SocketManager.swift */; };
		3BF3A6B822F1D48E00A6916E /* EOSTransaction+Actions.swift in Sources */ = {isa = PBXBuildFile; fileRef = 3BF3A6B722F1D48E00A6916E /* EOSTransaction+Actions.swift */; };
		7EF06C95D4BFFC91A593F720 /* Pods_CyberSwiftTests.framework in Frameworks */ = {isa = PBXBuildFile; fileRef = 72FB95E5419699B77BD2F429 /* Pods_CyberSwiftTests.framework */; };
		B111B5BB224E1B5A00F84AD9 /* KeychainManager.swift in Sources */ = {isa = PBXBuildFile; fileRef = B111B5BA224E1B5A00F84AD9 /* KeychainManager.swift */; };
		B1677C66223F9BD7005FB286 /* RestAPIManager.swift in Sources */ = {isa = PBXBuildFile; fileRef = B1677C65223F9BD7005FB286 /* RestAPIManager.swift */; };
		B179916E2269B3EB0014CB44 /* Data+Extensions.swift in Sources */ = {isa = PBXBuildFile; fileRef = B179916D2269B3EA0014CB44 /* Data+Extensions.swift */; };
		B17991702269B4070014CB44 /* Array+Extensions.swift in Sources */ = {isa = PBXBuildFile; fileRef = B179916F2269B4060014CB44 /* Array+Extensions.swift */; };
		B17991722269B4290014CB44 /* String+Extensions.swift in Sources */ = {isa = PBXBuildFile; fileRef = B17991712269B4280014CB44 /* String+Extensions.swift */; };
		B17991792269B4560014CB44 /* Random.swift in Sources */ = {isa = PBXBuildFile; fileRef = B17991732269B4530014CB44 /* Random.swift */; };
		B179917A2269B4560014CB44 /* Secp256k1.swift in Sources */ = {isa = PBXBuildFile; fileRef = B17991742269B4540014CB44 /* Secp256k1.swift */; };
		B179917B2269B4560014CB44 /* SteemEncoder.swift in Sources */ = {isa = PBXBuildFile; fileRef = B17991752269B4540014CB44 /* SteemEncoder.swift */; };
		B179917C2269B4560014CB44 /* PrivateKey.swift in Sources */ = {isa = PBXBuildFile; fileRef = B17991762269B4550014CB44 /* PrivateKey.swift */; };
		B179917D2269B4560014CB44 /* GSBase58.swift in Sources */ = {isa = PBXBuildFile; fileRef = B17991772269B4550014CB44 /* GSBase58.swift */; };
		B179917E2269B4560014CB44 /* PublicKey.swift in Sources */ = {isa = PBXBuildFile; fileRef = B17991782269B4560014CB44 /* PublicKey.swift */; };
		B1804BA9225DCF9B00260A32 /* PhoneCode.swift in Sources */ = {isa = PBXBuildFile; fileRef = B1804BA8225DCF9B00260A32 /* PhoneCode.swift */; };
		B18EBB32223F8F8800F52D3C /* CyberSwift.h in Headers */ = {isa = PBXBuildFile; fileRef = B18EBB30223F8F8800F52D3C /* CyberSwift.h */; settings = {ATTRIBUTES = (Public, ); }; };
		B1902AD622706F1E00661211 /* RequestParameterAPI.swift in Sources */ = {isa = PBXBuildFile; fileRef = B1902AD522706F1E00661211 /* RequestParameterAPI.swift */; };
		B19A28D6226087EE001C9F43 /* UIDevice+Extensions.swift in Sources */ = {isa = PBXBuildFile; fileRef = B19A28D5226087EE001C9F43 /* UIDevice+Extensions.swift */; };
		B1A74A642243892B009D68E7 /* EOSTransaction.swift in Sources */ = {isa = PBXBuildFile; fileRef = B1A74A632243892B009D68E7 /* EOSTransaction.swift */; };
		B1A74A662243893A009D68E7 /* EOSManager.swift in Sources */ = {isa = PBXBuildFile; fileRef = B1A74A652243893A009D68E7 /* EOSManager.swift */; };
		B1AA194322956E3C00AF5DF0 /* README.md in Resources */ = {isa = PBXBuildFile; fileRef = B1AA194222956E3C00AF5DF0 /* README.md */; };
		B1AA194522956E4400AF5DF0 /* LICENSE.md in Resources */ = {isa = PBXBuildFile; fileRef = B1AA194422956E4300AF5DF0 /* LICENSE.md */; };
		B1C3F857223F98B1005711EF /* Date+Extensions.swift in Sources */ = {isa = PBXBuildFile; fileRef = B1C3F854223F98B1005711EF /* Date+Extensions.swift */; };
		B1C3F858223F98B1005711EF /* ConstantsApp.swift in Sources */ = {isa = PBXBuildFile; fileRef = B1C3F855223F98B1005711EF /* ConstantsApp.swift */; };
		B1C3F859223F98B1005711EF /* Encodable+Extensions.swift in Sources */ = {isa = PBXBuildFile; fileRef = B1C3F856223F98B1005711EF /* Encodable+Extensions.swift */; };
		B1C3F860223F98DC005711EF /* Broadcast.swift in Sources */ = {isa = PBXBuildFile; fileRef = B1C3F85C223F98DC005711EF /* Broadcast.swift */; };
		B1C3F861223F98DC005711EF /* Logger.swift in Sources */ = {isa = PBXBuildFile; fileRef = B1C3F85D223F98DC005711EF /* Logger.swift */; };
		B1C3F868223F9907005711EF /* RequestAPI.swift in Sources */ = {isa = PBXBuildFile; fileRef = B1C3F864223F9906005711EF /* RequestAPI.swift */; };
		B1C3F869223F9907005711EF /* ErrorAPI.swift in Sources */ = {isa = PBXBuildFile; fileRef = B1C3F865223F9906005711EF /* ErrorAPI.swift */; };
		B1C3F86A223F9907005711EF /* ResponseAPI.swift in Sources */ = {isa = PBXBuildFile; fileRef = B1C3F866223F9906005711EF /* ResponseAPI.swift */; };
		B1C3F86B223F9907005711EF /* MethodAPI.swift in Sources */ = {isa = PBXBuildFile; fileRef = B1C3F867223F9907005711EF /* MethodAPI.swift */; };
		B1EA02CD22895EB400835244 /* UILabel+Extensions.swift in Sources */ = {isa = PBXBuildFile; fileRef = B1EA02CB22895EB300835244 /* UILabel+Extensions.swift */; };
		B1EA02CE22895EB400835244 /* UIButton+Extensions.swift in Sources */ = {isa = PBXBuildFile; fileRef = B1EA02CC22895EB400835244 /* UIButton+Extensions.swift */; };
		B1EA02D02289626D00835244 /* UIColor+Extensions.swift in Sources */ = {isa = PBXBuildFile; fileRef = B1EA02CF2289626D00835244 /* UIColor+Extensions.swift */; };
		B1EA02F62289D3B400835244 /* UITextField+Extensions.swift in Sources */ = {isa = PBXBuildFile; fileRef = B1EA02F52289D3B400835244 /* UITextField+Extensions.swift */; };
		B1EA0319228A985400835244 /* UIView+Extensions.swift in Sources */ = {isa = PBXBuildFile; fileRef = B1EA0318228A985400835244 /* UIView+Extensions.swift */; };
		B1F7B44A229FB5A4005492DD /* UIImage+Extensions.swift in Sources */ = {isa = PBXBuildFile; fileRef = B1F7B449229FB5A4005492DD /* UIImage+Extensions.swift */; };
/* End PBXBuildFile section */

/* Begin PBXContainerItemProxy section */
		3BD1331722F850770006C70F /* PBXContainerItemProxy */ = {
			isa = PBXContainerItemProxy;
			containerPortal = B18EBB24223F8F8800F52D3C /* Project object */;
			proxyType = 1;
			remoteGlobalIDString = B18EBB2C223F8F8800F52D3C;
			remoteInfo = CyberSwift;
		};
/* End PBXContainerItemProxy section */

/* Begin PBXFileReference section */
		34491307AF58D97E2E29C420 /* Pods-CyberSwift.debug.xcconfig */ = {isa = PBXFileReference; includeInIndex = 1; lastKnownFileType = text.xcconfig; name = "Pods-CyberSwift.debug.xcconfig"; path = "Target Support Files/Pods-CyberSwift/Pods-CyberSwift.debug.xcconfig"; sourceTree = "<group>"; };
		3B1E901522CDEC6A00D7A0C1 /* RAM+Authorization.swift */ = {isa = PBXFileReference; lastKnownFileType = sourcecode.swift; path = "RAM+Authorization.swift"; sourceTree = "<group>"; };
		3B1E901722CDF16B00D7A0C1 /* iCloudManager.swift */ = {isa = PBXFileReference; lastKnownFileType = sourcecode.swift; path = iCloudManager.swift; sourceTree = "<group>"; };
		3B3016B622F1E4D3003CD1BD /* RequestAPITransaction.swift */ = {isa = PBXFileReference; lastKnownFileType = sourcecode.swift; path = RequestAPITransaction.swift; sourceTree = "<group>"; };
		3B3016B822F1FDAA003CD1BD /* ReachabilityManager.swift */ = {isa = PBXFileReference; lastKnownFileType = sourcecode.swift; path = ReachabilityManager.swift; sourceTree = "<group>"; };
		3B5D91C522CE14E100BB7DCC /* MethodAPIType.swift */ = {isa = PBXFileReference; lastKnownFileType = sourcecode.swift; path = MethodAPIType.swift; sourceTree = "<group>"; };
		3B5EDE3E22E0F10900897BF3 /* RAM+Notifications.swift */ = {isa = PBXFileReference; lastKnownFileType = sourcecode.swift; path = "RAM+Notifications.swift"; sourceTree = "<group>"; };
		3B61AC3122E1C5CD00F608AF /* ResponseAPIGetOptionsNotifyShow+Extensions.swift */ = {isa = PBXFileReference; lastKnownFileType = sourcecode.swift; path = "ResponseAPIGetOptionsNotifyShow+Extensions.swift"; sourceTree = "<group>"; };
		3BB342B522CB7591009546B2 /* CurrentUser.swift */ = {isa = PBXFileReference; lastKnownFileType = sourcecode.swift; path = CurrentUser.swift; sourceTree = "<group>"; };
		3BBBE2972295AAE90029C9C9 /* RAM+Blockchain.swift */ = {isa = PBXFileReference; lastKnownFileType = sourcecode.swift; path = "RAM+Blockchain.swift"; sourceTree = "<group>"; };
		3BBBE2992296A8A10029C9C9 /* RxSwift.swift */ = {isa = PBXFileReference; lastKnownFileType = sourcecode.swift; path = RxSwift.swift; sourceTree = "<group>"; };
		3BCDB40A2260E9C300739F7E /* Bool+Extensions.swift */ = {isa = PBXFileReference; lastKnownFileType = sourcecode.swift; path = "Bool+Extensions.swift"; sourceTree = "<group>"; };
		3BD1331122F850770006C70F /* CyberSwiftTests.xctest */ = {isa = PBXFileReference; explicitFileType = wrapper.cfbundle; includeInIndex = 0; path = CyberSwiftTests.xctest; sourceTree = BUILT_PRODUCTS_DIR; };
		3BD1331322F850770006C70F /* GenerateKeysTests.swift */ = {isa = PBXFileReference; lastKnownFileType = sourcecode.swift; path = GenerateKeysTests.swift; sourceTree = "<group>"; };
		3BD1331522F850770006C70F /* Info.plist */ = {isa = PBXFileReference; lastKnownFileType = text.plist.xml; path = Info.plist; sourceTree = "<group>"; };
		3BDF4FA922C229440029D616 /* BCResponseAPIError.swift */ = {isa = PBXFileReference; lastKnownFileType = sourcecode.swift; path = BCResponseAPIError.swift; sourceTree = "<group>"; };
		3BE08B9622E6609D00BE6FCB /* SocketManager+Rx.swift */ = {isa = PBXFileReference; lastKnownFileType = sourcecode.swift; path = "SocketManager+Rx.swift"; sourceTree = "<group>"; };
		3BE3666622E5CE7C00F84A04 /* SocketManager.swift */ = {isa = PBXFileReference; lastKnownFileType = sourcecode.swift; path = SocketManager.swift; sourceTree = "<group>"; };
		3BF3A6B722F1D48E00A6916E /* EOSTransaction+Actions.swift */ = {isa = PBXFileReference; lastKnownFileType = sourcecode.swift; path = "EOSTransaction+Actions.swift"; sourceTree = "<group>"; };
		4837076B0145B925ED946333 /* Pods-CyberSwift.release.xcconfig */ = {isa = PBXFileReference; includeInIndex = 1; lastKnownFileType = text.xcconfig; name = "Pods-CyberSwift.release.xcconfig"; path = "Target Support Files/Pods-CyberSwift/Pods-CyberSwift.release.xcconfig"; sourceTree = "<group>"; };
		6573AA23182BFAECEBF635F1 /* Pods-CyberSwiftTests.release.xcconfig */ = {isa = PBXFileReference; includeInIndex = 1; lastKnownFileType = text.xcconfig; name = "Pods-CyberSwiftTests.release.xcconfig"; path = "Target Support Files/Pods-CyberSwiftTests/Pods-CyberSwiftTests.release.xcconfig"; sourceTree = "<group>"; };
		72FB95E5419699B77BD2F429 /* Pods_CyberSwiftTests.framework */ = {isa = PBXFileReference; explicitFileType = wrapper.framework; includeInIndex = 0; path = Pods_CyberSwiftTests.framework; sourceTree = BUILT_PRODUCTS_DIR; };
		8AB2614591624246CBE93FA0 /* Pods-CyberSwiftTests.debug.xcconfig */ = {isa = PBXFileReference; includeInIndex = 1; lastKnownFileType = text.xcconfig; name = "Pods-CyberSwiftTests.debug.xcconfig"; path = "Target Support Files/Pods-CyberSwiftTests/Pods-CyberSwiftTests.debug.xcconfig"; sourceTree = "<group>"; };
		B111B5BA224E1B5A00F84AD9 /* KeychainManager.swift */ = {isa = PBXFileReference; fileEncoding = 4; lastKnownFileType = sourcecode.swift; path = KeychainManager.swift; sourceTree = "<group>"; };
		B1677C65223F9BD7005FB286 /* RestAPIManager.swift */ = {isa = PBXFileReference; fileEncoding = 4; lastKnownFileType = sourcecode.swift; path = RestAPIManager.swift; sourceTree = "<group>"; };
		B1677C6D223FAA5F005FB286 /* Media.xcassets */ = {isa = PBXFileReference; lastKnownFileType = folder.assetcatalog; path = Media.xcassets; sourceTree = "<group>"; };
		B179916D2269B3EA0014CB44 /* Data+Extensions.swift */ = {isa = PBXFileReference; fileEncoding = 4; lastKnownFileType = sourcecode.swift; path = "Data+Extensions.swift"; sourceTree = "<group>"; };
		B179916F2269B4060014CB44 /* Array+Extensions.swift */ = {isa = PBXFileReference; fileEncoding = 4; lastKnownFileType = sourcecode.swift; path = "Array+Extensions.swift"; sourceTree = "<group>"; };
		B17991712269B4280014CB44 /* String+Extensions.swift */ = {isa = PBXFileReference; fileEncoding = 4; lastKnownFileType = sourcecode.swift; path = "String+Extensions.swift"; sourceTree = "<group>"; };
		B17991732269B4530014CB44 /* Random.swift */ = {isa = PBXFileReference; fileEncoding = 4; lastKnownFileType = sourcecode.swift; path = Random.swift; sourceTree = "<group>"; };
		B17991742269B4540014CB44 /* Secp256k1.swift */ = {isa = PBXFileReference; fileEncoding = 4; lastKnownFileType = sourcecode.swift; path = Secp256k1.swift; sourceTree = "<group>"; };
		B17991752269B4540014CB44 /* SteemEncoder.swift */ = {isa = PBXFileReference; fileEncoding = 4; lastKnownFileType = sourcecode.swift; path = SteemEncoder.swift; sourceTree = "<group>"; };
		B17991762269B4550014CB44 /* PrivateKey.swift */ = {isa = PBXFileReference; fileEncoding = 4; lastKnownFileType = sourcecode.swift; path = PrivateKey.swift; sourceTree = "<group>"; };
		B17991772269B4550014CB44 /* GSBase58.swift */ = {isa = PBXFileReference; fileEncoding = 4; lastKnownFileType = sourcecode.swift; path = GSBase58.swift; sourceTree = "<group>"; };
		B17991782269B4560014CB44 /* PublicKey.swift */ = {isa = PBXFileReference; fileEncoding = 4; lastKnownFileType = sourcecode.swift; path = PublicKey.swift; sourceTree = "<group>"; };
		B1804BA8225DCF9B00260A32 /* PhoneCode.swift */ = {isa = PBXFileReference; lastKnownFileType = sourcecode.swift; path = PhoneCode.swift; sourceTree = "<group>"; };
		B18EBB2D223F8F8800F52D3C /* CyberSwift.framework */ = {isa = PBXFileReference; explicitFileType = wrapper.framework; includeInIndex = 0; path = CyberSwift.framework; sourceTree = BUILT_PRODUCTS_DIR; };
		B18EBB30223F8F8800F52D3C /* CyberSwift.h */ = {isa = PBXFileReference; lastKnownFileType = sourcecode.c.h; path = CyberSwift.h; sourceTree = "<group>"; };
		B18EBB31223F8F8800F52D3C /* Info.plist */ = {isa = PBXFileReference; lastKnownFileType = text.plist.xml; path = Info.plist; sourceTree = "<group>"; };
		B1902AD522706F1E00661211 /* RequestParameterAPI.swift */ = {isa = PBXFileReference; fileEncoding = 4; lastKnownFileType = sourcecode.swift; path = RequestParameterAPI.swift; sourceTree = "<group>"; };
		B19A28D5226087EE001C9F43 /* UIDevice+Extensions.swift */ = {isa = PBXFileReference; fileEncoding = 4; lastKnownFileType = sourcecode.swift; path = "UIDevice+Extensions.swift"; sourceTree = "<group>"; };
		B1A74A632243892B009D68E7 /* EOSTransaction.swift */ = {isa = PBXFileReference; fileEncoding = 4; lastKnownFileType = sourcecode.swift; path = EOSTransaction.swift; sourceTree = "<group>"; };
		B1A74A652243893A009D68E7 /* EOSManager.swift */ = {isa = PBXFileReference; fileEncoding = 4; lastKnownFileType = sourcecode.swift; path = EOSManager.swift; sourceTree = "<group>"; };
		B1AA194222956E3C00AF5DF0 /* README.md */ = {isa = PBXFileReference; fileEncoding = 4; lastKnownFileType = net.daringfireball.markdown; path = README.md; sourceTree = "<group>"; };
		B1AA194422956E4300AF5DF0 /* LICENSE.md */ = {isa = PBXFileReference; fileEncoding = 4; lastKnownFileType = net.daringfireball.markdown; path = LICENSE.md; sourceTree = "<group>"; };
		B1C3F854223F98B1005711EF /* Date+Extensions.swift */ = {isa = PBXFileReference; fileEncoding = 4; lastKnownFileType = sourcecode.swift; path = "Date+Extensions.swift"; sourceTree = "<group>"; };
		B1C3F855223F98B1005711EF /* ConstantsApp.swift */ = {isa = PBXFileReference; fileEncoding = 4; lastKnownFileType = sourcecode.swift; path = ConstantsApp.swift; sourceTree = "<group>"; };
		B1C3F856223F98B1005711EF /* Encodable+Extensions.swift */ = {isa = PBXFileReference; fileEncoding = 4; lastKnownFileType = sourcecode.swift; path = "Encodable+Extensions.swift"; sourceTree = "<group>"; };
		B1C3F85C223F98DC005711EF /* Broadcast.swift */ = {isa = PBXFileReference; fileEncoding = 4; lastKnownFileType = sourcecode.swift; path = Broadcast.swift; sourceTree = "<group>"; };
		B1C3F85D223F98DC005711EF /* Logger.swift */ = {isa = PBXFileReference; fileEncoding = 4; lastKnownFileType = sourcecode.swift; path = Logger.swift; sourceTree = "<group>"; };
		B1C3F864223F9906005711EF /* RequestAPI.swift */ = {isa = PBXFileReference; fileEncoding = 4; lastKnownFileType = sourcecode.swift; path = RequestAPI.swift; sourceTree = "<group>"; };
		B1C3F865223F9906005711EF /* ErrorAPI.swift */ = {isa = PBXFileReference; fileEncoding = 4; lastKnownFileType = sourcecode.swift; path = ErrorAPI.swift; sourceTree = "<group>"; };
		B1C3F866223F9906005711EF /* ResponseAPI.swift */ = {isa = PBXFileReference; fileEncoding = 4; lastKnownFileType = sourcecode.swift; path = ResponseAPI.swift; sourceTree = "<group>"; };
		B1C3F867223F9907005711EF /* MethodAPI.swift */ = {isa = PBXFileReference; fileEncoding = 4; lastKnownFileType = sourcecode.swift; path = MethodAPI.swift; sourceTree = "<group>"; };
		B1C3F86F223F993F005711EF /* en */ = {isa = PBXFileReference; lastKnownFileType = text.plist.strings; name = en; path = en.lproj/Localizable.strings; sourceTree = "<group>"; };
		B1C3F871223F9962005711EF /* ru */ = {isa = PBXFileReference; lastKnownFileType = text.plist.strings; name = ru; path = ru.lproj/Localizable.strings; sourceTree = "<group>"; };
		B1CE5CFB22677C0000731FD0 /* API.md */ = {isa = PBXFileReference; lastKnownFileType = net.daringfireball.markdown; path = API.md; sourceTree = "<group>"; };
		B1EA02CB22895EB300835244 /* UILabel+Extensions.swift */ = {isa = PBXFileReference; fileEncoding = 4; lastKnownFileType = sourcecode.swift; path = "UILabel+Extensions.swift"; sourceTree = "<group>"; };
		B1EA02CC22895EB400835244 /* UIButton+Extensions.swift */ = {isa = PBXFileReference; fileEncoding = 4; lastKnownFileType = sourcecode.swift; path = "UIButton+Extensions.swift"; sourceTree = "<group>"; };
		B1EA02CF2289626D00835244 /* UIColor+Extensions.swift */ = {isa = PBXFileReference; fileEncoding = 4; lastKnownFileType = sourcecode.swift; path = "UIColor+Extensions.swift"; sourceTree = "<group>"; };
		B1EA02F52289D3B400835244 /* UITextField+Extensions.swift */ = {isa = PBXFileReference; fileEncoding = 4; lastKnownFileType = sourcecode.swift; path = "UITextField+Extensions.swift"; sourceTree = "<group>"; };
		B1EA0318228A985400835244 /* UIView+Extensions.swift */ = {isa = PBXFileReference; lastKnownFileType = sourcecode.swift; path = "UIView+Extensions.swift"; sourceTree = "<group>"; };
		B1F7B449229FB5A4005492DD /* UIImage+Extensions.swift */ = {isa = PBXFileReference; fileEncoding = 4; lastKnownFileType = sourcecode.swift; path = "UIImage+Extensions.swift"; sourceTree = "<group>"; };
		F6ED672114DF191DC66860EA /* Pods_CyberSwift.framework */ = {isa = PBXFileReference; explicitFileType = wrapper.framework; includeInIndex = 0; path = Pods_CyberSwift.framework; sourceTree = BUILT_PRODUCTS_DIR; };
/* End PBXFileReference section */

/* Begin PBXFrameworksBuildPhase section */
		3BD1330E22F850770006C70F /* Frameworks */ = {
			isa = PBXFrameworksBuildPhase;
			buildActionMask = 2147483647;
			files = (
				3BD1331622F850770006C70F /* CyberSwift.framework in Frameworks */,
				7EF06C95D4BFFC91A593F720 /* Pods_CyberSwiftTests.framework in Frameworks */,
			);
			runOnlyForDeploymentPostprocessing = 0;
		};
		B18EBB2A223F8F8800F52D3C /* Frameworks */ = {
			isa = PBXFrameworksBuildPhase;
			buildActionMask = 2147483647;
			files = (
				03329A709F0DA60180F91DBB /* Pods_CyberSwift.framework in Frameworks */,
			);
			runOnlyForDeploymentPostprocessing = 0;
		};
/* End PBXFrameworksBuildPhase section */

/* Begin PBXGroup section */
		09E1B2A3A59F37FF407AE3B2 /* Frameworks */ = {
			isa = PBXGroup;
			children = (
				F6ED672114DF191DC66860EA /* Pods_CyberSwift.framework */,
				72FB95E5419699B77BD2F429 /* Pods_CyberSwiftTests.framework */,
			);
			name = Frameworks;
			sourceTree = "<group>";
		};
		3B1E901422CDEC2F00D7A0C1 /* RestAPIManager */ = {
			isa = PBXGroup;
			children = (
				3B1E901522CDEC6A00D7A0C1 /* RAM+Authorization.swift */,
				3BBBE2972295AAE90029C9C9 /* RAM+Blockchain.swift */,
				3B5EDE3E22E0F10900897BF3 /* RAM+Notifications.swift */,
				B1677C65223F9BD7005FB286 /* RestAPIManager.swift */,
			);
			path = RestAPIManager;
			sourceTree = "<group>";
		};
		3BD1331222F850770006C70F /* CyberSwiftTests */ = {
			isa = PBXGroup;
			children = (
				3BD1331322F850770006C70F /* GenerateKeysTests.swift */,
				3BD1331522F850770006C70F /* Info.plist */,
			);
			path = CyberSwiftTests;
			sourceTree = "<group>";
		};
		3BF3A6B622F1D47700A6916E /* EOSTransaction */ = {
			isa = PBXGroup;
			children = (
				B1A74A632243892B009D68E7 /* EOSTransaction.swift */,
				3BF3A6B722F1D48E00A6916E /* EOSTransaction+Actions.swift */,
				3B3016B622F1E4D3003CD1BD /* RequestAPITransaction.swift */,
			);
			path = EOSTransaction;
			sourceTree = "<group>";
		};
		3BF3A6BB22F1D82900A6916E /* SocketManager */ = {
			isa = PBXGroup;
			children = (
				3BE3666622E5CE7C00F84A04 /* SocketManager.swift */,
				3BE08B9622E6609D00BE6FCB /* SocketManager+Rx.swift */,
			);
			path = SocketManager;
			sourceTree = "<group>";
		};
		75F3EB65C5A22587C3A36A98 /* Pods */ = {
			isa = PBXGroup;
			children = (
				34491307AF58D97E2E29C420 /* Pods-CyberSwift.debug.xcconfig */,
				4837076B0145B925ED946333 /* Pods-CyberSwift.release.xcconfig */,
				8AB2614591624246CBE93FA0 /* Pods-CyberSwiftTests.debug.xcconfig */,
				6573AA23182BFAECEBF635F1 /* Pods-CyberSwiftTests.release.xcconfig */,
			);
			path = Pods;
			sourceTree = "<group>";
		};
		B179916C2269A4B70014CB44 /* Golos */ = {
			isa = PBXGroup;
			children = (
				B17991772269B4550014CB44 /* GSBase58.swift */,
				B17991762269B4550014CB44 /* PrivateKey.swift */,
				B17991782269B4560014CB44 /* PublicKey.swift */,
				B17991732269B4530014CB44 /* Random.swift */,
				B17991742269B4540014CB44 /* Secp256k1.swift */,
				B17991752269B4540014CB44 /* SteemEncoder.swift */,
			);
			path = Golos;
			sourceTree = "<group>";
		};
		B18EBB23223F8F8800F52D3C = {
			isa = PBXGroup;
			children = (
				B1AA194422956E4300AF5DF0 /* LICENSE.md */,
				B1AA194222956E3C00AF5DF0 /* README.md */,
				B1CE5CFB22677C0000731FD0 /* API.md */,
				B18EBB2F223F8F8800F52D3C /* CyberSwift */,
				3BD1331222F850770006C70F /* CyberSwiftTests */,
				B18EBB2E223F8F8800F52D3C /* Products */,
				75F3EB65C5A22587C3A36A98 /* Pods */,
				09E1B2A3A59F37FF407AE3B2 /* Frameworks */,
			);
			sourceTree = "<group>";
		};
		B18EBB2E223F8F8800F52D3C /* Products */ = {
			isa = PBXGroup;
			children = (
				B18EBB2D223F8F8800F52D3C /* CyberSwift.framework */,
				3BD1331122F850770006C70F /* CyberSwiftTests.xctest */,
			);
			name = Products;
			sourceTree = "<group>";
		};
		B18EBB2F223F8F8800F52D3C /* CyberSwift */ = {
			isa = PBXGroup;
			children = (
				B1C3F853223F98A6005711EF /* Extensions */,
				B1C3F85A223F98C7005711EF /* Managers */,
				B1C3F863223F98F4005711EF /* Models */,
				B1C3F852223F935A005711EF /* Resources */,
			);
			path = CyberSwift;
			sourceTree = "<group>";
		};
		B1C3F852223F935A005711EF /* Resources */ = {
			isa = PBXGroup;
			children = (
				B18EBB30223F8F8800F52D3C /* CyberSwift.h */,
				B18EBB31223F8F8800F52D3C /* Info.plist */,
				B1C3F870223F993F005711EF /* Localizable.strings */,
				B1677C6D223FAA5F005FB286 /* Media.xcassets */,
			);
			path = Resources;
			sourceTree = "<group>";
		};
		B1C3F853223F98A6005711EF /* Extensions */ = {
			isa = PBXGroup;
			children = (
				B179916F2269B4060014CB44 /* Array+Extensions.swift */,
				3BCDB40A2260E9C300739F7E /* Bool+Extensions.swift */,
				B1C3F855223F98B1005711EF /* ConstantsApp.swift */,
				B179916D2269B3EA0014CB44 /* Data+Extensions.swift */,
				B1C3F854223F98B1005711EF /* Date+Extensions.swift */,
				B1C3F856223F98B1005711EF /* Encodable+Extensions.swift */,
				B1C3F85D223F98DC005711EF /* Logger.swift */,
				3B5D91C522CE14E100BB7DCC /* MethodAPIType.swift */,
				3BBBE2992296A8A10029C9C9 /* RxSwift.swift */,
				B17991712269B4280014CB44 /* String+Extensions.swift */,
				B1EA02CC22895EB400835244 /* UIButton+Extensions.swift */,
				B1EA02CF2289626D00835244 /* UIColor+Extensions.swift */,
				B19A28D5226087EE001C9F43 /* UIDevice+Extensions.swift */,
				B1F7B449229FB5A4005492DD /* UIImage+Extensions.swift */,
				B1EA02CB22895EB300835244 /* UILabel+Extensions.swift */,
				B1EA02F52289D3B400835244 /* UITextField+Extensions.swift */,
				B1EA0318228A985400835244 /* UIView+Extensions.swift */,
				3B61AC3122E1C5CD00F608AF /* ResponseAPIGetOptionsNotifyShow+Extensions.swift */,
			);
			path = Extensions;
			sourceTree = "<group>";
		};
		B1C3F85A223F98C7005711EF /* Managers */ = {
			isa = PBXGroup;
			children = (
				3B3016B822F1FDAA003CD1BD /* ReachabilityManager.swift */,
				B1C3F85C223F98DC005711EF /* Broadcast.swift */,
				B1A74A652243893A009D68E7 /* EOSManager.swift */,
				3BF3A6BB22F1D82900A6916E /* SocketManager */,
				3B1E901422CDEC2F00D7A0C1 /* RestAPIManager */,
				B111B5BA224E1B5A00F84AD9 /* KeychainManager.swift */,
				3B1E901722CDF16B00D7A0C1 /* iCloudManager.swift */,
			);
			path = Managers;
			sourceTree = "<group>";
		};
		B1C3F863223F98F4005711EF /* Models */ = {
			isa = PBXGroup;
			children = (
				B179916C2269A4B70014CB44 /* Golos */,
				3BB342B522CB7591009546B2 /* CurrentUser.swift */,
				3BF3A6B622F1D47700A6916E /* EOSTransaction */,
				B1C3F865223F9906005711EF /* ErrorAPI.swift */,
				B1C3F867223F9907005711EF /* MethodAPI.swift */,
				B1804BA8225DCF9B00260A32 /* PhoneCode.swift */,
				B1C3F864223F9906005711EF /* RequestAPI.swift */,
				B1902AD522706F1E00661211 /* RequestParameterAPI.swift */,
				B1C3F866223F9906005711EF /* ResponseAPI.swift */,
				3BDF4FA922C229440029D616 /* BCResponseAPIError.swift */,
			);
			path = Models;
			sourceTree = "<group>";
		};
/* End PBXGroup section */

/* Begin PBXHeadersBuildPhase section */
		B18EBB28223F8F8800F52D3C /* Headers */ = {
			isa = PBXHeadersBuildPhase;
			buildActionMask = 2147483647;
			files = (
				B18EBB32223F8F8800F52D3C /* CyberSwift.h in Headers */,
			);
			runOnlyForDeploymentPostprocessing = 0;
		};
/* End PBXHeadersBuildPhase section */

/* Begin PBXNativeTarget section */
		3BD1331022F850770006C70F /* CyberSwiftTests */ = {
			isa = PBXNativeTarget;
			buildConfigurationList = 3BD1331B22F850770006C70F /* Build configuration list for PBXNativeTarget "CyberSwiftTests" */;
			buildPhases = (
				0EF50925FE3990A62A8737CF /* [CP] Check Pods Manifest.lock */,
				3BD1330D22F850770006C70F /* Sources */,
				3BD1330E22F850770006C70F /* Frameworks */,
				3BD1330F22F850770006C70F /* Resources */,
				F68E3C5ECE70743C94C03A49 /* [CP] Embed Pods Frameworks */,
			);
			buildRules = (
			);
			dependencies = (
				3BD1331822F850770006C70F /* PBXTargetDependency */,
			);
			name = CyberSwiftTests;
			productName = CyberSwiftTests;
			productReference = 3BD1331122F850770006C70F /* CyberSwiftTests.xctest */;
			productType = "com.apple.product-type.bundle.unit-test";
		};
		B18EBB2C223F8F8800F52D3C /* CyberSwift */ = {
			isa = PBXNativeTarget;
			buildConfigurationList = B18EBB35223F8F8800F52D3C /* Build configuration list for PBXNativeTarget "CyberSwift" */;
			buildPhases = (
				649564B65A8EBB551668D241 /* [CP] Check Pods Manifest.lock */,
				B18EBB2A223F8F8800F52D3C /* Frameworks */,
				B18EBB28223F8F8800F52D3C /* Headers */,
				B18EBB29223F8F8800F52D3C /* Sources */,
				B18EBB2B223F8F8800F52D3C /* Resources */,
			);
			buildRules = (
			);
			dependencies = (
			);
			name = CyberSwift;
			productName = CyberSwift;
			productReference = B18EBB2D223F8F8800F52D3C /* CyberSwift.framework */;
			productType = "com.apple.product-type.framework";
		};
/* End PBXNativeTarget section */

/* Begin PBXProject section */
		B18EBB24223F8F8800F52D3C /* Project object */ = {
			isa = PBXProject;
			attributes = {
				DefaultBuildSystemTypeForWorkspace = Original;
				LastSwiftUpdateCheck = 1030;
				LastUpgradeCheck = 1010;
				ORGANIZATIONNAME = golos.io;
				TargetAttributes = {
					3BD1331022F850770006C70F = {
						CreatedOnToolsVersion = 10.3;
					};
					B18EBB2C223F8F8800F52D3C = {
						CreatedOnToolsVersion = 10.1;
						LastSwiftMigration = 1020;
					};
				};
			};
			buildConfigurationList = B18EBB27223F8F8800F52D3C /* Build configuration list for PBXProject "CyberSwift" */;
			compatibilityVersion = "Xcode 9.3";
			developmentRegion = en;
			hasScannedForEncodings = 0;
			knownRegions = (
				en,
				ru,
				Base,
			);
			mainGroup = B18EBB23223F8F8800F52D3C;
			productRefGroup = B18EBB2E223F8F8800F52D3C /* Products */;
			projectDirPath = "";
			projectRoot = "";
			targets = (
				B18EBB2C223F8F8800F52D3C /* CyberSwift */,
				3BD1331022F850770006C70F /* CyberSwiftTests */,
			);
		};
/* End PBXProject section */

/* Begin PBXResourcesBuildPhase section */
		3BD1330F22F850770006C70F /* Resources */ = {
			isa = PBXResourcesBuildPhase;
			buildActionMask = 2147483647;
			files = (
			);
			runOnlyForDeploymentPostprocessing = 0;
		};
		B18EBB2B223F8F8800F52D3C /* Resources */ = {
			isa = PBXResourcesBuildPhase;
			buildActionMask = 2147483647;
			files = (
				B1AA194522956E4400AF5DF0 /* LICENSE.md in Resources */,
				B1AA194322956E3C00AF5DF0 /* README.md in Resources */,
			);
			runOnlyForDeploymentPostprocessing = 0;
		};
/* End PBXResourcesBuildPhase section */

/* Begin PBXShellScriptBuildPhase section */
		0EF50925FE3990A62A8737CF /* [CP] Check Pods Manifest.lock */ = {
			isa = PBXShellScriptBuildPhase;
			buildActionMask = 2147483647;
			files = (
			);
			inputFileListPaths = (
			);
			inputPaths = (
				"${PODS_PODFILE_DIR_PATH}/Podfile.lock",
				"${PODS_ROOT}/Manifest.lock",
			);
			name = "[CP] Check Pods Manifest.lock";
			outputFileListPaths = (
			);
			outputPaths = (
				"$(DERIVED_FILE_DIR)/Pods-CyberSwiftTests-checkManifestLockResult.txt",
			);
			runOnlyForDeploymentPostprocessing = 0;
			shellPath = /bin/sh;
			shellScript = "diff \"${PODS_PODFILE_DIR_PATH}/Podfile.lock\" \"${PODS_ROOT}/Manifest.lock\" > /dev/null\nif [ $? != 0 ] ; then\n    # print error to STDERR\n    echo \"error: The sandbox is not in sync with the Podfile.lock. Run 'pod install' or update your CocoaPods installation.\" >&2\n    exit 1\nfi\n# This output is used by Xcode 'outputs' to avoid re-running this script phase.\necho \"SUCCESS\" > \"${SCRIPT_OUTPUT_FILE_0}\"\n";
			showEnvVarsInLog = 0;
		};
		649564B65A8EBB551668D241 /* [CP] Check Pods Manifest.lock */ = {
			isa = PBXShellScriptBuildPhase;
			buildActionMask = 2147483647;
			files = (
			);
			inputFileListPaths = (
			);
			inputPaths = (
				"${PODS_PODFILE_DIR_PATH}/Podfile.lock",
				"${PODS_ROOT}/Manifest.lock",
			);
			name = "[CP] Check Pods Manifest.lock";
			outputFileListPaths = (
			);
			outputPaths = (
				"$(DERIVED_FILE_DIR)/Pods-CyberSwift-checkManifestLockResult.txt",
			);
			runOnlyForDeploymentPostprocessing = 0;
			shellPath = /bin/sh;
			shellScript = "diff \"${PODS_PODFILE_DIR_PATH}/Podfile.lock\" \"${PODS_ROOT}/Manifest.lock\" > /dev/null\nif [ $? != 0 ] ; then\n    # print error to STDERR\n    echo \"error: The sandbox is not in sync with the Podfile.lock. Run 'pod install' or update your CocoaPods installation.\" >&2\n    exit 1\nfi\n# This output is used by Xcode 'outputs' to avoid re-running this script phase.\necho \"SUCCESS\" > \"${SCRIPT_OUTPUT_FILE_0}\"\n";
			showEnvVarsInLog = 0;
		};
		F68E3C5ECE70743C94C03A49 /* [CP] Embed Pods Frameworks */ = {
			isa = PBXShellScriptBuildPhase;
			buildActionMask = 2147483647;
			files = (
			);
			inputFileListPaths = (
				"${PODS_ROOT}/Target Support Files/Pods-CyberSwiftTests/Pods-CyberSwiftTests-frameworks-${CONFIGURATION}-input-files.xcfilelist",
			);
			name = "[CP] Embed Pods Frameworks";
			outputFileListPaths = (
				"${PODS_ROOT}/Target Support Files/Pods-CyberSwiftTests/Pods-CyberSwiftTests-frameworks-${CONFIGURATION}-output-files.xcfilelist",
			);
			runOnlyForDeploymentPostprocessing = 0;
			shellPath = /bin/sh;
			shellScript = "\"${PODS_ROOT}/Target Support Files/Pods-CyberSwiftTests/Pods-CyberSwiftTests-frameworks.sh\"\n";
			showEnvVarsInLog = 0;
		};
/* End PBXShellScriptBuildPhase section */

/* Begin PBXSourcesBuildPhase section */
		3BD1330D22F850770006C70F /* Sources */ = {
			isa = PBXSourcesBuildPhase;
			buildActionMask = 2147483647;
			files = (
				3BD1331422F850770006C70F /* GenerateKeysTests.swift in Sources */,
			);
			runOnlyForDeploymentPostprocessing = 0;
		};
		B18EBB29223F8F8800F52D3C /* Sources */ = {
			isa = PBXSourcesBuildPhase;
			buildActionMask = 2147483647;
			files = (
				3BF3A6B822F1D48E00A6916E /* EOSTransaction+Actions.swift in Sources */,
				B1F7B44A229FB5A4005492DD /* UIImage+Extensions.swift in Sources */,
				B179917A2269B4560014CB44 /* Secp256k1.swift in Sources */,
				B1C3F869223F9907005711EF /* ErrorAPI.swift in Sources */,
				B179917B2269B4560014CB44 /* SteemEncoder.swift in Sources */,
				B19A28D6226087EE001C9F43 /* UIDevice+Extensions.swift in Sources */,
				B1C3F861223F98DC005711EF /* Logger.swift in Sources */,
				3BE08B9722E6609D00BE6FCB /* SocketManager+Rx.swift in Sources */,
				B1C3F86A223F9907005711EF /* ResponseAPI.swift in Sources */,
				B179917E2269B4560014CB44 /* PublicKey.swift in Sources */,
				B111B5BB224E1B5A00F84AD9 /* KeychainManager.swift in Sources */,
				B1C3F86B223F9907005711EF /* MethodAPI.swift in Sources */,
				3BDF4FAA22C229440029D616 /* BCResponseAPIError.swift in Sources */,
				B179917C2269B4560014CB44 /* PrivateKey.swift in Sources */,
				B1C3F857223F98B1005711EF /* Date+Extensions.swift in Sources */,
				B1EA02D02289626D00835244 /* UIColor+Extensions.swift in Sources */,
				B1902AD622706F1E00661211 /* RequestParameterAPI.swift in Sources */,
				3B5EDE3F22E0F10900897BF3 /* RAM+Notifications.swift in Sources */,
				B1EA02CE22895EB400835244 /* UIButton+Extensions.swift in Sources */,
				3BBBE29A2296A8A10029C9C9 /* RxSwift.swift in Sources */,
				B1C3F859223F98B1005711EF /* Encodable+Extensions.swift in Sources */,
				B1A74A662243893A009D68E7 /* EOSManager.swift in Sources */,
				B17991792269B4560014CB44 /* Random.swift in Sources */,
				3B1E901622CDEC6A00D7A0C1 /* RAM+Authorization.swift in Sources */,
				B179916E2269B3EB0014CB44 /* Data+Extensions.swift in Sources */,
				B17991722269B4290014CB44 /* String+Extensions.swift in Sources */,
				3B3016B722F1E4D3003CD1BD /* RequestAPITransaction.swift in Sources */,
				3BBBE2982295AAE90029C9C9 /* RAM+Blockchain.swift in Sources */,
				3BE3666722E5CE7C00F84A04 /* SocketManager.swift in Sources */,
				3BB342B622CB7591009546B2 /* CurrentUser.swift in Sources */,
				B1C3F858223F98B1005711EF /* ConstantsApp.swift in Sources */,
				B1EA0319228A985400835244 /* UIView+Extensions.swift in Sources */,
				B179917D2269B4560014CB44 /* GSBase58.swift in Sources */,
				B1C3F860223F98DC005711EF /* Broadcast.swift in Sources */,
				3B1E901822CDF16B00D7A0C1 /* iCloudManager.swift in Sources */,
				B1EA02CD22895EB400835244 /* UILabel+Extensions.swift in Sources */,
				3B3016B922F1FDAA003CD1BD /* ReachabilityManager.swift in Sources */,
				B1A74A642243892B009D68E7 /* EOSTransaction.swift in Sources */,
				B1EA02F62289D3B400835244 /* UITextField+Extensions.swift in Sources */,
				3B5D91C622CE14E100BB7DCC /* MethodAPIType.swift in Sources */,
				3BCDB40B2260E9C300739F7E /* Bool+Extensions.swift in Sources */,
				B17991702269B4070014CB44 /* Array+Extensions.swift in Sources */,
				B1C3F868223F9907005711EF /* RequestAPI.swift in Sources */,
				B1677C66223F9BD7005FB286 /* RestAPIManager.swift in Sources */,
				3B61AC3222E1C5CD00F608AF /* ResponseAPIGetOptionsNotifyShow+Extensions.swift in Sources */,
				B1804BA9225DCF9B00260A32 /* PhoneCode.swift in Sources */,
			);
			runOnlyForDeploymentPostprocessing = 0;
		};
/* End PBXSourcesBuildPhase section */

/* Begin PBXTargetDependency section */
		3BD1331822F850770006C70F /* PBXTargetDependency */ = {
			isa = PBXTargetDependency;
			target = B18EBB2C223F8F8800F52D3C /* CyberSwift */;
			targetProxy = 3BD1331722F850770006C70F /* PBXContainerItemProxy */;
		};
/* End PBXTargetDependency section */

/* Begin PBXVariantGroup section */
		B1C3F870223F993F005711EF /* Localizable.strings */ = {
			isa = PBXVariantGroup;
			children = (
				B1C3F86F223F993F005711EF /* en */,
				B1C3F871223F9962005711EF /* ru */,
			);
			name = Localizable.strings;
			sourceTree = "<group>";
		};
/* End PBXVariantGroup section */

/* Begin XCBuildConfiguration section */
		3BD1331922F850770006C70F /* Debug */ = {
			isa = XCBuildConfiguration;
			baseConfigurationReference = 8AB2614591624246CBE93FA0 /* Pods-CyberSwiftTests.debug.xcconfig */;
			buildSettings = {
				CODE_SIGN_STYLE = Automatic;
				DEVELOPMENT_TEAM = 5G8856SBG8;
				INFOPLIST_FILE = CyberSwiftTests/Info.plist;
				IPHONEOS_DEPLOYMENT_TARGET = 12.4;
				LD_RUNPATH_SEARCH_PATHS = (
					"$(inherited)",
					"@executable_path/Frameworks",
					"@loader_path/Frameworks",
				);
				PRODUCT_BUNDLE_IDENTIFIER = io.golos.CyberSwiftTests;
				PRODUCT_NAME = "$(TARGET_NAME)";
				SWIFT_VERSION = 5.0;
				TARGETED_DEVICE_FAMILY = "1,2";
			};
			name = Debug;
		};
		3BD1331A22F850770006C70F /* Release */ = {
			isa = XCBuildConfiguration;
			baseConfigurationReference = 6573AA23182BFAECEBF635F1 /* Pods-CyberSwiftTests.release.xcconfig */;
			buildSettings = {
				CODE_SIGN_STYLE = Automatic;
				DEVELOPMENT_TEAM = 5G8856SBG8;
				INFOPLIST_FILE = CyberSwiftTests/Info.plist;
				IPHONEOS_DEPLOYMENT_TARGET = 12.4;
				LD_RUNPATH_SEARCH_PATHS = (
					"$(inherited)",
					"@executable_path/Frameworks",
					"@loader_path/Frameworks",
				);
				PRODUCT_BUNDLE_IDENTIFIER = io.golos.CyberSwiftTests;
				PRODUCT_NAME = "$(TARGET_NAME)";
				SWIFT_VERSION = 5.0;
				TARGETED_DEVICE_FAMILY = "1,2";
			};
			name = Release;
		};
		B18EBB33223F8F8800F52D3C /* Debug */ = {
			isa = XCBuildConfiguration;
			buildSettings = {
				ALWAYS_SEARCH_USER_PATHS = NO;
				CLANG_ANALYZER_LOCALIZABILITY_NONLOCALIZED = YES;
				CLANG_ANALYZER_NONNULL = YES;
				CLANG_ANALYZER_NUMBER_OBJECT_CONVERSION = YES_AGGRESSIVE;
				CLANG_CXX_LANGUAGE_STANDARD = "gnu++14";
				CLANG_CXX_LIBRARY = "libc++";
				CLANG_ENABLE_MODULES = YES;
				CLANG_ENABLE_OBJC_ARC = YES;
				CLANG_ENABLE_OBJC_WEAK = YES;
				CLANG_WARN_BLOCK_CAPTURE_AUTORELEASING = YES;
				CLANG_WARN_BOOL_CONVERSION = YES;
				CLANG_WARN_COMMA = YES;
				CLANG_WARN_CONSTANT_CONVERSION = YES;
				CLANG_WARN_DEPRECATED_OBJC_IMPLEMENTATIONS = YES;
				CLANG_WARN_DIRECT_OBJC_ISA_USAGE = YES_ERROR;
				CLANG_WARN_DOCUMENTATION_COMMENTS = YES;
				CLANG_WARN_EMPTY_BODY = YES;
				CLANG_WARN_ENUM_CONVERSION = YES;
				CLANG_WARN_INFINITE_RECURSION = YES;
				CLANG_WARN_INT_CONVERSION = YES;
				CLANG_WARN_NON_LITERAL_NULL_CONVERSION = YES;
				CLANG_WARN_OBJC_IMPLICIT_RETAIN_SELF = YES;
				CLANG_WARN_OBJC_LITERAL_CONVERSION = YES;
				CLANG_WARN_OBJC_ROOT_CLASS = YES_ERROR;
				CLANG_WARN_RANGE_LOOP_ANALYSIS = YES;
				CLANG_WARN_STRICT_PROTOTYPES = YES;
				CLANG_WARN_SUSPICIOUS_MOVE = YES;
				CLANG_WARN_UNGUARDED_AVAILABILITY = YES_AGGRESSIVE;
				CLANG_WARN_UNREACHABLE_CODE = YES;
				CLANG_WARN__DUPLICATE_METHOD_MATCH = YES;
				CODE_SIGN_IDENTITY = "iPhone Developer";
				COPY_PHASE_STRIP = NO;
				CURRENT_PROJECT_VERSION = 1;
				DEBUG_INFORMATION_FORMAT = dwarf;
				ENABLE_STRICT_OBJC_MSGSEND = YES;
				ENABLE_TESTABILITY = YES;
				GCC_C_LANGUAGE_STANDARD = gnu11;
				GCC_DYNAMIC_NO_PIC = NO;
				GCC_NO_COMMON_BLOCKS = YES;
				GCC_OPTIMIZATION_LEVEL = 0;
				GCC_PREPROCESSOR_DEFINITIONS = (
					"DEBUG=1",
					"$(inherited)",
				);
				GCC_WARN_64_TO_32_BIT_CONVERSION = YES;
				GCC_WARN_ABOUT_RETURN_TYPE = YES_ERROR;
				GCC_WARN_UNDECLARED_SELECTOR = YES;
				GCC_WARN_UNINITIALIZED_AUTOS = YES_AGGRESSIVE;
				GCC_WARN_UNUSED_FUNCTION = YES;
				GCC_WARN_UNUSED_VARIABLE = YES;
				IPHONEOS_DEPLOYMENT_TARGET = 11.0;
				MTL_ENABLE_DEBUG_INFO = INCLUDE_SOURCE;
				MTL_FAST_MATH = YES;
				ONLY_ACTIVE_ARCH = YES;
				SDKROOT = iphoneos;
				SWIFT_ACTIVE_COMPILATION_CONDITIONS = DEBUG;
				SWIFT_OPTIMIZATION_LEVEL = "-Onone";
				VERSIONING_SYSTEM = "apple-generic";
				VERSION_INFO_PREFIX = "";
			};
			name = Debug;
		};
		B18EBB34223F8F8800F52D3C /* Release */ = {
			isa = XCBuildConfiguration;
			buildSettings = {
				ALWAYS_SEARCH_USER_PATHS = NO;
				CLANG_ANALYZER_LOCALIZABILITY_NONLOCALIZED = YES;
				CLANG_ANALYZER_NONNULL = YES;
				CLANG_ANALYZER_NUMBER_OBJECT_CONVERSION = YES_AGGRESSIVE;
				CLANG_CXX_LANGUAGE_STANDARD = "gnu++14";
				CLANG_CXX_LIBRARY = "libc++";
				CLANG_ENABLE_MODULES = YES;
				CLANG_ENABLE_OBJC_ARC = YES;
				CLANG_ENABLE_OBJC_WEAK = YES;
				CLANG_WARN_BLOCK_CAPTURE_AUTORELEASING = YES;
				CLANG_WARN_BOOL_CONVERSION = YES;
				CLANG_WARN_COMMA = YES;
				CLANG_WARN_CONSTANT_CONVERSION = YES;
				CLANG_WARN_DEPRECATED_OBJC_IMPLEMENTATIONS = YES;
				CLANG_WARN_DIRECT_OBJC_ISA_USAGE = YES_ERROR;
				CLANG_WARN_DOCUMENTATION_COMMENTS = YES;
				CLANG_WARN_EMPTY_BODY = YES;
				CLANG_WARN_ENUM_CONVERSION = YES;
				CLANG_WARN_INFINITE_RECURSION = YES;
				CLANG_WARN_INT_CONVERSION = YES;
				CLANG_WARN_NON_LITERAL_NULL_CONVERSION = YES;
				CLANG_WARN_OBJC_IMPLICIT_RETAIN_SELF = YES;
				CLANG_WARN_OBJC_LITERAL_CONVERSION = YES;
				CLANG_WARN_OBJC_ROOT_CLASS = YES_ERROR;
				CLANG_WARN_RANGE_LOOP_ANALYSIS = YES;
				CLANG_WARN_STRICT_PROTOTYPES = YES;
				CLANG_WARN_SUSPICIOUS_MOVE = YES;
				CLANG_WARN_UNGUARDED_AVAILABILITY = YES_AGGRESSIVE;
				CLANG_WARN_UNREACHABLE_CODE = YES;
				CLANG_WARN__DUPLICATE_METHOD_MATCH = YES;
				CODE_SIGN_IDENTITY = "iPhone Developer";
				COPY_PHASE_STRIP = NO;
				CURRENT_PROJECT_VERSION = 1;
				DEBUG_INFORMATION_FORMAT = "dwarf-with-dsym";
				ENABLE_NS_ASSERTIONS = NO;
				ENABLE_STRICT_OBJC_MSGSEND = YES;
				GCC_C_LANGUAGE_STANDARD = gnu11;
				GCC_NO_COMMON_BLOCKS = YES;
				GCC_WARN_64_TO_32_BIT_CONVERSION = YES;
				GCC_WARN_ABOUT_RETURN_TYPE = YES_ERROR;
				GCC_WARN_UNDECLARED_SELECTOR = YES;
				GCC_WARN_UNINITIALIZED_AUTOS = YES_AGGRESSIVE;
				GCC_WARN_UNUSED_FUNCTION = YES;
				GCC_WARN_UNUSED_VARIABLE = YES;
				IPHONEOS_DEPLOYMENT_TARGET = 11.0;
				MTL_ENABLE_DEBUG_INFO = NO;
				MTL_FAST_MATH = YES;
				SDKROOT = iphoneos;
				SWIFT_COMPILATION_MODE = wholemodule;
				SWIFT_OPTIMIZATION_LEVEL = "-O";
				VALIDATE_PRODUCT = YES;
				VERSIONING_SYSTEM = "apple-generic";
				VERSION_INFO_PREFIX = "";
			};
			name = Release;
		};
		B18EBB36223F8F8800F52D3C /* Debug */ = {
			isa = XCBuildConfiguration;
			baseConfigurationReference = 34491307AF58D97E2E29C420 /* Pods-CyberSwift.debug.xcconfig */;
			buildSettings = {
				CLANG_ENABLE_MODULES = YES;
				CODE_SIGN_IDENTITY = "";
				CODE_SIGN_STYLE = Automatic;
				DEFINES_MODULE = YES;
				DEVELOPMENT_TEAM = 5G8856SBG8;
				DYLIB_COMPATIBILITY_VERSION = 1;
				DYLIB_CURRENT_VERSION = 1;
				DYLIB_INSTALL_NAME_BASE = "@rpath";
				FRAMEWORK_SEARCH_PATHS = (
					"$(inherited)",
					"\"${PODS_CONFIGURATION_BUILD_DIR}/Localize-Swift\"",
					"\"${PODS_CONFIGURATION_BUILD_DIR}/Locksmith\"",
					"\"${PODS_CONFIGURATION_BUILD_DIR}/RxAtomic\"",
					"\"${PODS_CONFIGURATION_BUILD_DIR}/RxBlocking\"",
					"\"${PODS_CONFIGURATION_BUILD_DIR}/RxCocoa\"",
					"\"${PODS_CONFIGURATION_BUILD_DIR}/RxStarscream\"",
					"\"${PODS_CONFIGURATION_BUILD_DIR}/RxSwift\"",
					"\"${PODS_CONFIGURATION_BUILD_DIR}/Starscream\"",
					"$(SRCROOT)",
				);
				INFOPLIST_FILE = CyberSwift/Resources/Info.plist;
				INSTALL_PATH = "$(LOCAL_LIBRARY_DIR)/Frameworks";
				LD_RUNPATH_SEARCH_PATHS = (
					"$(inherited)",
					"@executable_path/Frameworks",
					"@loader_path/Frameworks",
				);
				PRODUCT_BUNDLE_IDENTIFIER = io.golos.CyberSwift;
				PRODUCT_NAME = "$(TARGET_NAME:c99extidentifier)";
				SKIP_INSTALL = YES;
				SWIFT_OPTIMIZATION_LEVEL = "-Onone";
				SWIFT_VERSION = 5.0;
				TARGETED_DEVICE_FAMILY = "1,2";
			};
			name = Debug;
		};
		B18EBB37223F8F8800F52D3C /* Release */ = {
			isa = XCBuildConfiguration;
			baseConfigurationReference = 4837076B0145B925ED946333 /* Pods-CyberSwift.release.xcconfig */;
			buildSettings = {
				CLANG_ENABLE_MODULES = YES;
				CODE_SIGN_IDENTITY = "";
				CODE_SIGN_STYLE = Automatic;
				DEFINES_MODULE = YES;
				DEVELOPMENT_TEAM = 5G8856SBG8;
				DYLIB_COMPATIBILITY_VERSION = 1;
				DYLIB_CURRENT_VERSION = 1;
				DYLIB_INSTALL_NAME_BASE = "@rpath";
				FRAMEWORK_SEARCH_PATHS = (
					"$(inherited)",
					"\"${PODS_CONFIGURATION_BUILD_DIR}/Localize-Swift\"",
					"\"${PODS_CONFIGURATION_BUILD_DIR}/Locksmith\"",
					"\"${PODS_CONFIGURATION_BUILD_DIR}/RxAtomic\"",
					"\"${PODS_CONFIGURATION_BUILD_DIR}/RxBlocking\"",
					"\"${PODS_CONFIGURATION_BUILD_DIR}/RxCocoa\"",
					"\"${PODS_CONFIGURATION_BUILD_DIR}/RxStarscream\"",
					"\"${PODS_CONFIGURATION_BUILD_DIR}/RxSwift\"",
					"\"${PODS_CONFIGURATION_BUILD_DIR}/Starscream\"",
					"$(SRCROOT)",
				);
				INFOPLIST_FILE = CyberSwift/Resources/Info.plist;
				INSTALL_PATH = "$(LOCAL_LIBRARY_DIR)/Frameworks";
				LD_RUNPATH_SEARCH_PATHS = (
					"$(inherited)",
					"@executable_path/Frameworks",
					"@loader_path/Frameworks",
				);
				PRODUCT_BUNDLE_IDENTIFIER = io.golos.CyberSwift;
				PRODUCT_NAME = "$(TARGET_NAME:c99extidentifier)";
				SKIP_INSTALL = YES;
				SWIFT_VERSION = 5.0;
				TARGETED_DEVICE_FAMILY = "1,2";
			};
			name = Release;
		};
/* End XCBuildConfiguration section */

/* Begin XCConfigurationList section */
		3BD1331B22F850770006C70F /* Build configuration list for PBXNativeTarget "CyberSwiftTests" */ = {
			isa = XCConfigurationList;
			buildConfigurations = (
				3BD1331922F850770006C70F /* Debug */,
				3BD1331A22F850770006C70F /* Release */,
			);
			defaultConfigurationIsVisible = 0;
			defaultConfigurationName = Release;
		};
		B18EBB27223F8F8800F52D3C /* Build configuration list for PBXProject "CyberSwift" */ = {
			isa = XCConfigurationList;
			buildConfigurations = (
				B18EBB33223F8F8800F52D3C /* Debug */,
				B18EBB34223F8F8800F52D3C /* Release */,
			);
			defaultConfigurationIsVisible = 0;
			defaultConfigurationName = Release;
		};
		B18EBB35223F8F8800F52D3C /* Build configuration list for PBXNativeTarget "CyberSwift" */ = {
			isa = XCConfigurationList;
			buildConfigurations = (
				B18EBB36223F8F8800F52D3C /* Debug */,
				B18EBB37223F8F8800F52D3C /* Release */,
			);
			defaultConfigurationIsVisible = 0;
			defaultConfigurationName = Release;
		};
/* End XCConfigurationList section */
	};
	rootObject = B18EBB24223F8F8800F52D3C /* Project object */;
}
